
Microsoft Visual Studio Solution File, Format Version 12.00
# Visual Studio Version 16
VisualStudioVersion = 16.0.30011.22
MinimumVisualStudioVersion = 10.0.40219.1
Project("{FAE04EC0-301F-11D3-BF4B-00C04F79EFBC}") = "NguyenQuocAnhLab456", "NguyenQuocAnhLab456.csproj", "{61925EC4-26DC-4DC7-B445-91F437128A90}"
EndProject
Global
	GlobalSection(SolutionConfigurationPlatforms) = preSolution
		Debug|Any CPU = Debug|Any CPU
		Release|Any CPU = Release|Any CPU
	EndGlobalSection
	GlobalSection(ProjectConfigurationPlatforms) = postSolution
		{61925EC4-26DC-4DC7-B445-91F437128A90}.Debug|Any CPU.ActiveCfg = Debug|Any CPU
		{61925EC4-26DC-4DC7-B445-91F437128A90}.Debug|Any CPU.Build.0 = Debug|Any CPU
		{61925EC4-26DC-4DC7-B445-91F437128A90}.Release|Any CPU.ActiveCfg = Release|Any CPU
		{61925EC4-26DC-4DC7-B445-91F437128A90}.Release|Any CPU.Build.0 = Release|Any CPU
	EndGlobalSection
	GlobalSection(SolutionProperties) = preSolution
		HideSolutionNode = FALSE
	EndGlobalSection
	GlobalSection(ExtensibilityGlobals) = postSolution
		SolutionGuid = {E7FFE966-C343-4522-AF5F-756B3A38151F}
	EndGlobalSection
EndGlobal
